
Microsoft Visual Studio Solution File, Format Version 12.00
Project("{FAE04EC0-301F-11D3-BF4B-00C04F79EFBC}") = "Business.Tests", "Business.Tests\Business.Tests.csproj", "{F91FFB86-D7BA-483E-B320-200E074219F1}"
EndProject
Global
	GlobalSection(SolutionConfigurationPlatforms) = preSolution
		Debug|Any CPU = Debug|Any CPU
		Release|Any CPU = Release|Any CPU
	EndGlobalSection
	GlobalSection(ProjectConfigurationPlatforms) = postSolution
		{F91FFB86-D7BA-483E-B320-200E074219F1}.Debug|Any CPU.ActiveCfg = Debug|Any CPU
		{F91FFB86-D7BA-483E-B320-200E074219F1}.Debug|Any CPU.Build.0 = Debug|Any CPU
		{F91FFB86-D7BA-483E-B320-200E074219F1}.Release|Any CPU.ActiveCfg = Release|Any CPU
		{F91FFB86-D7BA-483E-B320-200E074219F1}.Release|Any CPU.Build.0 = Release|Any CPU
	EndGlobalSection
EndGlobal
