
Microsoft Visual Studio Solution File, Format Version 12.00
Project("{FAE04EC0-301F-11D3-BF4B-00C04F79EFBC}") = "Amazon", "Amazon\Amazon.csproj", "{BEEBA225-1FE3-47E2-BD89-D75379F5E047}"
EndProject
Global
	GlobalSection(SolutionConfigurationPlatforms) = preSolution
		Debug|Any CPU = Debug|Any CPU
		Release|Any CPU = Release|Any CPU
	EndGlobalSection
	GlobalSection(ProjectConfigurationPlatforms) = postSolution
		{BEEBA225-1FE3-47E2-BD89-D75379F5E047}.Debug|Any CPU.ActiveCfg = Debug|Any CPU
		{BEEBA225-1FE3-47E2-BD89-D75379F5E047}.Debug|Any CPU.Build.0 = Debug|Any CPU
		{BEEBA225-1FE3-47E2-BD89-D75379F5E047}.Release|Any CPU.ActiveCfg = Release|Any CPU
		{BEEBA225-1FE3-47E2-BD89-D75379F5E047}.Release|Any CPU.Build.0 = Release|Any CPU
	EndGlobalSection
EndGlobal
