
Microsoft Visual Studio Solution File, Format Version 12.00
Project("{FAE04EC0-301F-11D3-BF4B-00C04F79EFBC}") = "SumInputNums", "SumInputNums\SumInputNums.csproj", "{83E7ECF7-4334-4E94-8BEE-293D489B2260}"
EndProject
Global
	GlobalSection(SolutionConfigurationPlatforms) = preSolution
		Debug|Any CPU = Debug|Any CPU
		Release|Any CPU = Release|Any CPU
	EndGlobalSection
	GlobalSection(ProjectConfigurationPlatforms) = postSolution
		{83E7ECF7-4334-4E94-8BEE-293D489B2260}.Debug|Any CPU.ActiveCfg = Debug|Any CPU
		{83E7ECF7-4334-4E94-8BEE-293D489B2260}.Debug|Any CPU.Build.0 = Debug|Any CPU
		{83E7ECF7-4334-4E94-8BEE-293D489B2260}.Release|Any CPU.ActiveCfg = Release|Any CPU
		{83E7ECF7-4334-4E94-8BEE-293D489B2260}.Release|Any CPU.Build.0 = Release|Any CPU
	EndGlobalSection
EndGlobal
