
Microsoft Visual Studio Solution File, Format Version 12.00
# Visual Studio 15
Project("{FAE04EC0-301F-11D3-BF4B-00C04F79EFBC}") = "RandomClass", "RandomClass\RandomClass.csproj", "{8CC4AFE8-BE17-4A62-A8F0-3D6AAAB16843}"
EndProject
Global
	GlobalSection(SolutionConfigurationPlatforms) = preSolution
		Debug|Any CPU = Debug|Any CPU
		Release|Any CPU = Release|Any CPU
	EndGlobalSection
	GlobalSection(ProjectConfigurationPlatforms) = postSolution
		{8CC4AFE8-BE17-4A62-A8F0-3D6AAAB16843}.Debug|Any CPU.ActiveCfg = Debug|Any CPU
		{8CC4AFE8-BE17-4A62-A8F0-3D6AAAB16843}.Debug|Any CPU.Build.0 = Debug|Any CPU
		{8CC4AFE8-BE17-4A62-A8F0-3D6AAAB16843}.Release|Any CPU.ActiveCfg = Release|Any CPU
		{8CC4AFE8-BE17-4A62-A8F0-3D6AAAB16843}.Release|Any CPU.Build.0 = Release|Any CPU
	EndGlobalSection
EndGlobal
