
Microsoft Visual Studio Solution File, Format Version 12.00
Project("{FAE04EC0-301F-11D3-BF4B-00C04F79EFBC}") = "NumBetween1and10", "NumBetween1and10\NumBetween1and10.csproj", "{B7D87542-80AE-4FF8-96EA-F4ED34B90392}"
EndProject
Global
	GlobalSection(SolutionConfigurationPlatforms) = preSolution
		Debug|Any CPU = Debug|Any CPU
		Release|Any CPU = Release|Any CPU
	EndGlobalSection
	GlobalSection(ProjectConfigurationPlatforms) = postSolution
		{B7D87542-80AE-4FF8-96EA-F4ED34B90392}.Debug|Any CPU.ActiveCfg = Debug|Any CPU
		{B7D87542-80AE-4FF8-96EA-F4ED34B90392}.Debug|Any CPU.Build.0 = Debug|Any CPU
		{B7D87542-80AE-4FF8-96EA-F4ED34B90392}.Release|Any CPU.ActiveCfg = Release|Any CPU
		{B7D87542-80AE-4FF8-96EA-F4ED34B90392}.Release|Any CPU.Build.0 = Release|Any CPU
	EndGlobalSection
EndGlobal
