
Microsoft Visual Studio Solution File, Format Version 12.00
Project("{FAE04EC0-301F-11D3-BF4B-00C04F79EFBC}") = "_Inheritance", "_Inheritance\_Inheritance.csproj", "{87B3A372-AFBB-4BD8-9DC4-6108CAD1461C}"
EndProject
Global
	GlobalSection(SolutionConfigurationPlatforms) = preSolution
		Debug|Any CPU = Debug|Any CPU
		Release|Any CPU = Release|Any CPU
	EndGlobalSection
	GlobalSection(ProjectConfigurationPlatforms) = postSolution
		{87B3A372-AFBB-4BD8-9DC4-6108CAD1461C}.Debug|Any CPU.ActiveCfg = Debug|Any CPU
		{87B3A372-AFBB-4BD8-9DC4-6108CAD1461C}.Debug|Any CPU.Build.0 = Debug|Any CPU
		{87B3A372-AFBB-4BD8-9DC4-6108CAD1461C}.Release|Any CPU.ActiveCfg = Release|Any CPU
		{87B3A372-AFBB-4BD8-9DC4-6108CAD1461C}.Release|Any CPU.Build.0 = Release|Any CPU
	EndGlobalSection
EndGlobal
